
Microsoft Visual Studio Solution File, Format Version 12.00
# Visual Studio Version 16
VisualStudioVersion = 25.0.1704.4
MinimumVisualStudioVersion = 10.0.40219.1
Project("{FAE04EC0-301F-11D3-BF4B-00C04F79EFBC}") = "HawkFlowClient", "HawkFlowClient\HawkFlowClient.csproj", "{ECF99572-A172-4F8F-BCE4-5A0502691C04}"
EndProject
Global
	GlobalSection(SolutionConfigurationPlatforms) = preSolution
		Debug|Any CPU = Debug|Any CPU
		Release|Any CPU = Release|Any CPU
	EndGlobalSection
	GlobalSection(ProjectConfigurationPlatforms) = postSolution
		{ECF99572-A172-4F8F-BCE4-5A0502691C04}.Debug|Any CPU.ActiveCfg = Debug|Any CPU
		{ECF99572-A172-4F8F-BCE4-5A0502691C04}.Debug|Any CPU.Build.0 = Debug|Any CPU
		{ECF99572-A172-4F8F-BCE4-5A0502691C04}.Release|Any CPU.ActiveCfg = Release|Any CPU
		{ECF99572-A172-4F8F-BCE4-5A0502691C04}.Release|Any CPU.Build.0 = Release|Any CPU
	EndGlobalSection
	GlobalSection(SolutionProperties) = preSolution
		HideSolutionNode = FALSE
	EndGlobalSection
	GlobalSection(ExtensibilityGlobals) = postSolution
		SolutionGuid = {D75F8504-8952-40CD-B83D-5106EAD9EAF2}
	EndGlobalSection
EndGlobal
